// !$*UTF8*$!
{
	archiveVersion = 1;
	classes = {
	};
	objectVersion = 46;
	objects = {

/* Begin PBXBuildFile section */
		70695F641EF6F254009EA733 /* AppDelegate.swift in Sources */ = {isa = PBXBuildFile; fileRef = 70695F631EF6F254009EA733 /* AppDelegate.swift */; };
		70695F661EF6F254009EA733 /* ViewController.swift in Sources */ = {isa = PBXBuildFile; fileRef = 70695F651EF6F254009EA733 /* ViewController.swift */; };
		70695F691EF6F254009EA733 /* Main.storyboard in Resources */ = {isa = PBXBuildFile; fileRef = 70695F671EF6F254009EA733 /* Main.storyboard */; };
		70695F6B1EF6F254009EA733 /* Assets.xcassets in Resources */ = {isa = PBXBuildFile; fileRef = 70695F6A1EF6F254009EA733 /* Assets.xcassets */; };
		70695F6E1EF6F254009EA733 /* LaunchScreen.storyboard in Resources */ = {isa = PBXBuildFile; fileRef = 70695F6C1EF6F254009EA733 /* LaunchScreen.storyboard */; };
		70695F791EF6F254009EA733 /* JumpMagikarpIndexTests.swift in Sources */ = {isa = PBXBuildFile; fileRef = 70695F781EF6F254009EA733 /* JumpMagikarpIndexTests.swift */; };
		70695F841EF6F254009EA733 /* JumpMagikarpIndexUITests.swift in Sources */ = {isa = PBXBuildFile; fileRef = 70695F831EF6F254009EA733 /* JumpMagikarpIndexUITests.swift */; };
		70695F921EF6F6D7009EA733 /* MagiKarpTableViewController.swift in Sources */ = {isa = PBXBuildFile; fileRef = 70695F911EF6F6D7009EA733 /* MagiKarpTableViewController.swift */; };
		70695FA21EF795FB009EA733 /* AddMagiKarpTableViewController.swift in Sources */ = {isa = PBXBuildFile; fileRef = 70695FA11EF795FB009EA733 /* AddMagiKarpTableViewController.swift */; };
		70695FA41EF7A795009EA733 /* PeterViewController.swift in Sources */ = {isa = PBXBuildFile; fileRef = 70695FA31EF7A795009EA733 /* PeterViewController.swift */; };
/* End PBXBuildFile section */

/* Begin PBXContainerItemProxy section */
		70695F751EF6F254009EA733 /* PBXContainerItemProxy */ = {
			isa = PBXContainerItemProxy;
			containerPortal = 70695F581EF6F254009EA733 /* Project object */;
			proxyType = 1;
			remoteGlobalIDString = 70695F5F1EF6F254009EA733;
			remoteInfo = JumpMagikarpIndex;
		};
		70695F801EF6F254009EA733 /* PBXContainerItemProxy */ = {
			isa = PBXContainerItemProxy;
			containerPortal = 70695F581EF6F254009EA733 /* Project object */;
			proxyType = 1;
			remoteGlobalIDString = 70695F5F1EF6F254009EA733;
			remoteInfo = JumpMagikarpIndex;
		};
/* End PBXContainerItemProxy section */

/* Begin PBXFileReference section */
		70695F601EF6F254009EA733 /* JumpMagikarpIndex.app */ = {isa = PBXFileReference; explicitFileType = wrapper.application; includeInIndex = 0; path = JumpMagikarpIndex.app; sourceTree = BUILT_PRODUCTS_DIR; };
		70695F631EF6F254009EA733 /* AppDelegate.swift */ = {isa = PBXFileReference; lastKnownFileType = sourcecode.swift; path = AppDelegate.swift; sourceTree = "<group>"; };
		70695F651EF6F254009EA733 /* ViewController.swift */ = {isa = PBXFileReference; lastKnownFileType = sourcecode.swift; path = ViewController.swift; sourceTree = "<group>"; };
		70695F681EF6F254009EA733 /* Base */ = {isa = PBXFileReference; lastKnownFileType = file.storyboard; name = Base; path = Base.lproj/Main.storyboard; sourceTree = "<group>"; };
		70695F6A1EF6F254009EA733 /* Assets.xcassets */ = {isa = PBXFileReference; lastKnownFileType = folder.assetcatalog; path = Assets.xcassets; sourceTree = "<group>"; };
		70695F6D1EF6F254009EA733 /* Base */ = {isa = PBXFileReference; lastKnownFileType = file.storyboard; name = Base; path = Base.lproj/LaunchScreen.storyboard; sourceTree = "<group>"; };
		70695F6F1EF6F254009EA733 /* Info.plist */ = {isa = PBXFileReference; lastKnownFileType = text.plist.xml; path = Info.plist; sourceTree = "<group>"; };
		70695F741EF6F254009EA733 /* JumpMagikarpIndexTests.xctest */ = {isa = PBXFileReference; explicitFileType = wrapper.cfbundle; includeInIndex = 0; path = JumpMagikarpIndexTests.xctest; sourceTree = BUILT_PRODUCTS_DIR; };
		70695F781EF6F254009EA733 /* JumpMagikarpIndexTests.swift */ = {isa = PBXFileReference; lastKnownFileType = sourcecode.swift; path = JumpMagikarpIndexTests.swift; sourceTree = "<group>"; };
		70695F7A1EF6F254009EA733 /* Info.plist */ = {isa = PBXFileReference; lastKnownFileType = text.plist.xml; path = Info.plist; sourceTree = "<group>"; };
		70695F7F1EF6F254009EA733 /* JumpMagikarpIndexUITests.xctest */ = {isa = PBXFileReference; explicitFileType = wrapper.cfbundle; includeInIndex = 0; path = JumpMagikarpIndexUITests.xctest; sourceTree = BUILT_PRODUCTS_DIR; };
		70695F831EF6F254009EA733 /* JumpMagikarpIndexUITests.swift */ = {isa = PBXFileReference; lastKnownFileType = sourcecode.swift; path = JumpMagikarpIndexUITests.swift; sourceTree = "<group>"; };
		70695F851EF6F254009EA733 /* Info.plist */ = {isa = PBXFileReference; lastKnownFileType = text.plist.xml; path = Info.plist; sourceTree = "<group>"; };
		70695F911EF6F6D7009EA733 /* MagiKarpTableViewController.swift */ = {isa = PBXFileReference; fileEncoding = 4; lastKnownFileType = sourcecode.swift; path = MagiKarpTableViewController.swift; sourceTree = "<group>"; };
		70695FA11EF795FB009EA733 /* AddMagiKarpTableViewController.swift */ = {isa = PBXFileReference; fileEncoding = 4; lastKnownFileType = sourcecode.swift; path = AddMagiKarpTableViewController.swift; sourceTree = "<group>"; };
		70695FA31EF7A795009EA733 /* PeterViewController.swift */ = {isa = PBXFileReference; fileEncoding = 4; lastKnownFileType = sourcecode.swift; path = PeterViewController.swift; sourceTree = "<group>"; };
/* End PBXFileReference section */

/* Begin PBXFrameworksBuildPhase section */
		70695F5D1EF6F254009EA733 /* Frameworks */ = {
			isa = PBXFrameworksBuildPhase;
			buildActionMask = 2147483647;
			files = (
			);
			runOnlyForDeploymentPostprocessing = 0;
		};
		70695F711EF6F254009EA733 /* Frameworks */ = {
			isa = PBXFrameworksBuildPhase;
			buildActionMask = 2147483647;
			files = (
			);
			runOnlyForDeploymentPostprocessing = 0;
		};
		70695F7C1EF6F254009EA733 /* Frameworks */ = {
			isa = PBXFrameworksBuildPhase;
			buildActionMask = 2147483647;
			files = (
			);
			runOnlyForDeploymentPostprocessing = 0;
		};
/* End PBXFrameworksBuildPhase section */

/* Begin PBXGroup section */
		70695F571EF6F254009EA733 = {
			isa = PBXGroup;
			children = (
				70695FA11EF795FB009EA733 /* AddMagiKarpTableViewController.swift */,
				70695F621EF6F254009EA733 /* JumpMagikarpIndex */,
				70695F771EF6F254009EA733 /* JumpMagikarpIndexTests */,
				70695F821EF6F254009EA733 /* JumpMagikarpIndexUITests */,
				70695F611EF6F254009EA733 /* Products */,
			);
			sourceTree = "<group>";
		};
		70695F611EF6F254009EA733 /* Products */ = {
			isa = PBXGroup;
			children = (
				70695F601EF6F254009EA733 /* JumpMagikarpIndex.app */,
				70695F741EF6F254009EA733 /* JumpMagikarpIndexTests.xctest */,
				70695F7F1EF6F254009EA733 /* JumpMagikarpIndexUITests.xctest */,
			);
			name = Products;
			sourceTree = "<group>";
		};
		70695F621EF6F254009EA733 /* JumpMagikarpIndex */ = {
			isa = PBXGroup;
			children = (
				70695F631EF6F254009EA733 /* AppDelegate.swift */,
				70695F651EF6F254009EA733 /* ViewController.swift */,
				70695F671EF6F254009EA733 /* Main.storyboard */,
				70695FA31EF7A795009EA733 /* PeterViewController.swift */,
				70695F911EF6F6D7009EA733 /* MagiKarpTableViewController.swift */,
				70695F6A1EF6F254009EA733 /* Assets.xcassets */,
				70695F6C1EF6F254009EA733 /* LaunchScreen.storyboard */,
				70695F6F1EF6F254009EA733 /* Info.plist */,
			);
			path = JumpMagikarpIndex;
			sourceTree = "<group>";
		};
		70695F771EF6F254009EA733 /* JumpMagikarpIndexTests */ = {
			isa = PBXGroup;
			children = (
				70695F781EF6F254009EA733 /* JumpMagikarpIndexTests.swift */,
				70695F7A1EF6F254009EA733 /* Info.plist */,
			);
			path = JumpMagikarpIndexTests;
			sourceTree = "<group>";
		};
		70695F821EF6F254009EA733 /* JumpMagikarpIndexUITests */ = {
			isa = PBXGroup;
			children = (
				70695F831EF6F254009EA733 /* JumpMagikarpIndexUITests.swift */,
				70695F851EF6F254009EA733 /* Info.plist */,
			);
			path = JumpMagikarpIndexUITests;
			sourceTree = "<group>";
		};
/* End PBXGroup section */

/* Begin PBXNativeTarget section */
		70695F5F1EF6F254009EA733 /* JumpMagikarpIndex */ = {
			isa = PBXNativeTarget;
			buildConfigurationList = 70695F881EF6F254009EA733 /* Build configuration list for PBXNativeTarget "JumpMagikarpIndex" */;
			buildPhases = (
				70695F5C1EF6F254009EA733 /* Sources */,
				70695F5D1EF6F254009EA733 /* Frameworks */,
				70695F5E1EF6F254009EA733 /* Resources */,
			);
			buildRules = (
			);
			dependencies = (
			);
			name = JumpMagikarpIndex;
			productName = JumpMagikarpIndex;
			productReference = 70695F601EF6F254009EA733 /* JumpMagikarpIndex.app */;
			productType = "com.apple.product-type.application";
		};
		70695F731EF6F254009EA733 /* JumpMagikarpIndexTests */ = {
			isa = PBXNativeTarget;
			buildConfigurationList = 70695F8B1EF6F254009EA733 /* Build configuration list for PBXNativeTarget "JumpMagikarpIndexTests" */;
			buildPhases = (
				70695F701EF6F254009EA733 /* Sources */,
				70695F711EF6F254009EA733 /* Frameworks */,
				70695F721EF6F254009EA733 /* Resources */,
			);
			buildRules = (
			);
			dependencies = (
				70695F761EF6F254009EA733 /* PBXTargetDependency */,
			);
			name = JumpMagikarpIndexTests;
			productName = JumpMagikarpIndexTests;
			productReference = 70695F741EF6F254009EA733 /* JumpMagikarpIndexTests.xctest */;
			productType = "com.apple.product-type.bundle.unit-test";
		};
		70695F7E1EF6F254009EA733 /* JumpMagikarpIndexUITests */ = {
			isa = PBXNativeTarget;
			buildConfigurationList = 70695F8E1EF6F254009EA733 /* Build configuration list for PBXNativeTarget "JumpMagikarpIndexUITests" */;
			buildPhases = (
				70695F7B1EF6F254009EA733 /* Sources */,
				70695F7C1EF6F254009EA733 /* Frameworks */,
				70695F7D1EF6F254009EA733 /* Resources */,
			);
			buildRules = (
			);
			dependencies = (
				70695F811EF6F254009EA733 /* PBXTargetDependency */,
			);
			name = JumpMagikarpIndexUITests;
			productName = JumpMagikarpIndexUITests;
			productReference = 70695F7F1EF6F254009EA733 /* JumpMagikarpIndexUITests.xctest */;
			productType = "com.apple.product-type.bundle.ui-testing";
		};
/* End PBXNativeTarget section */

/* Begin PBXProject section */
		70695F581EF6F254009EA733 /* Project object */ = {
			isa = PBXProject;
			attributes = {
				LastSwiftUpdateCheck = 0830;
				LastUpgradeCheck = 0830;
				ORGANIZATIONNAME = "Yu-Hsuan Chen";
				TargetAttributes = {
					70695F5F1EF6F254009EA733 = {
						CreatedOnToolsVersion = 8.3.3;
						ProvisioningStyle = Automatic;
					};
					70695F731EF6F254009EA733 = {
						CreatedOnToolsVersion = 8.3.3;
						ProvisioningStyle = Automatic;
						TestTargetID = 70695F5F1EF6F254009EA733;
					};
					70695F7E1EF6F254009EA733 = {
						CreatedOnToolsVersion = 8.3.3;
						ProvisioningStyle = Automatic;
						TestTargetID = 70695F5F1EF6F254009EA733;
					};
				};
			};
			buildConfigurationList = 70695F5B1EF6F254009EA733 /* Build configuration list for PBXProject "JumpMagikarpIndex" */;
			compatibilityVersion = "Xcode 3.2";
			developmentRegion = English;
			hasScannedForEncodings = 0;
			knownRegions = (
				en,
				Base,
			);
			mainGroup = 70695F571EF6F254009EA733;
			productRefGroup = 70695F611EF6F254009EA733 /* Products */;
			projectDirPath = "";
			projectRoot = "";
			targets = (
				70695F5F1EF6F254009EA733 /* JumpMagikarpIndex */,
				70695F731EF6F254009EA733 /* JumpMagikarpIndexTests */,
				70695F7E1EF6F254009EA733 /* JumpMagikarpIndexUITests */,
			);
		};
/* End PBXProject section */

/* Begin PBXResourcesBuildPhase section */
		70695F5E1EF6F254009EA733 /* Resources */ = {
			isa = PBXResourcesBuildPhase;
			buildActionMask = 2147483647;
			files = (
				70695F6E1EF6F254009EA733 /* LaunchScreen.storyboard in Resources */,
				70695F6B1EF6F254009EA733 /* Assets.xcassets in Resources */,
				70695F691EF6F254009EA733 /* Main.storyboard in Resources */,
			);
			runOnlyForDeploymentPostprocessing = 0;
		};
		70695F721EF6F254009EA733 /* Resources */ = {
			isa = PBXResourcesBuildPhase;
			buildActionMask = 2147483647;
			files = (
			);
			runOnlyForDeploymentPostprocessing = 0;
		};
		70695F7D1EF6F254009EA733 /* Resources */ = {
			isa = PBXResourcesBuildPhase;
			buildActionMask = 2147483647;
			files = (
			);
			runOnlyForDeploymentPostprocessing = 0;
		};
/* End PBXResourcesBuildPhase section */

/* Begin PBXSourcesBuildPhase section */
		70695F5C1EF6F254009EA733 /* Sources */ = {
			isa = PBXSourcesBuildPhase;
			buildActionMask = 2147483647;
			files = (
				70695F661EF6F254009EA733 /* ViewController.swift in Sources */,
				70695F641EF6F254009EA733 /* AppDelegate.swift in Sources */,
				70695FA41EF7A795009EA733 /* PeterViewController.swift in Sources */,
				70695F921EF6F6D7009EA733 /* MagiKarpTableViewController.swift in Sources */,
				70695FA21EF795FB009EA733 /* AddMagiKarpTableViewController.swift in Sources */,
			);
			runOnlyForDeploymentPostprocessing = 0;
		};
		70695F701EF6F254009EA733 /* Sources */ = {
			isa = PBXSourcesBuildPhase;
			buildActionMask = 2147483647;
			files = (
				70695F791EF6F254009EA733 /* JumpMagikarpIndexTests.swift in Sources */,
			);
			runOnlyForDeploymentPostprocessing = 0;
		};
		70695F7B1EF6F254009EA733 /* Sources */ = {
			isa = PBXSourcesBuildPhase;
			buildActionMask = 2147483647;
			files = (
				70695F841EF6F254009EA733 /* JumpMagikarpIndexUITests.swift in Sources */,
			);
			runOnlyForDeploymentPostprocessing = 0;
		};
/* End PBXSourcesBuildPhase section */

/* Begin PBXTargetDependency section */
		70695F761EF6F254009EA733 /* PBXTargetDependency */ = {
			isa = PBXTargetDependency;
			target = 70695F5F1EF6F254009EA733 /* JumpMagikarpIndex */;
			targetProxy = 70695F751EF6F254009EA733 /* PBXContainerItemProxy */;
		};
		70695F811EF6F254009EA733 /* PBXTargetDependency */ = {
			isa = PBXTargetDependency;
			target = 70695F5F1EF6F254009EA733 /* JumpMagikarpIndex */;
			targetProxy = 70695F801EF6F254009EA733 /* PBXContainerItemProxy */;
		};
/* End PBXTargetDependency section */

/* Begin PBXVariantGroup section */
		70695F671EF6F254009EA733 /* Main.storyboard */ = {
			isa = PBXVariantGroup;
			children = (
				70695F681EF6F254009EA733 /* Base */,
			);
			name = Main.storyboard;
			sourceTree = "<group>";
		};
		70695F6C1EF6F254009EA733 /* LaunchScreen.storyboard */ = {
			isa = PBXVariantGroup;
			children = (
				70695F6D1EF6F254009EA733 /* Base */,
			);
			name = LaunchScreen.storyboard;
			sourceTree = "<group>";
		};
/* End PBXVariantGroup section */

/* Begin XCBuildConfiguration section */
		70695F861EF6F254009EA733 /* Debug */ = {
			isa = XCBuildConfiguration;
			buildSettings = {
				ALWAYS_SEARCH_USER_PATHS = NO;
				CLANG_ANALYZER_NONNULL = YES;
				CLANG_ANALYZER_NUMBER_OBJECT_CONVERSION = YES_AGGRESSIVE;
				CLANG_CXX_LANGUAGE_STANDARD = "gnu++0x";
				CLANG_CXX_LIBRARY = "libc++";
				CLANG_ENABLE_MODULES = YES;
				CLANG_ENABLE_OBJC_ARC = YES;
				CLANG_WARN_BOOL_CONVERSION = YES;
				CLANG_WARN_CONSTANT_CONVERSION = YES;
				CLANG_WARN_DIRECT_OBJC_ISA_USAGE = YES_ERROR;
				CLANG_WARN_DOCUMENTATION_COMMENTS = YES;
				CLANG_WARN_EMPTY_BODY = YES;
				CLANG_WARN_ENUM_CONVERSION = YES;
				CLANG_WARN_INFINITE_RECURSION = YES;
				CLANG_WARN_INT_CONVERSION = YES;
				CLANG_WARN_OBJC_ROOT_CLASS = YES_ERROR;
				CLANG_WARN_SUSPICIOUS_MOVE = YES;
				CLANG_WARN_UNREACHABLE_CODE = YES;
				CLANG_WARN__DUPLICATE_METHOD_MATCH = YES;
				"CODE_SIGN_IDENTITY[sdk=iphoneos*]" = "iPhone Developer";
				COPY_PHASE_STRIP = NO;
				DEBUG_INFORMATION_FORMAT = dwarf;
				ENABLE_STRICT_OBJC_MSGSEND = YES;
				ENABLE_TESTABILITY = YES;
				GCC_C_LANGUAGE_STANDARD = gnu99;
				GCC_DYNAMIC_NO_PIC = NO;
				GCC_NO_COMMON_BLOCKS = YES;
				GCC_OPTIMIZATION_LEVEL = 0;
				GCC_PREPROCESSOR_DEFINITIONS = (
					"DEBUG=1",
					"$(inherited)",
				);
				GCC_WARN_64_TO_32_BIT_CONVERSION = YES;
				GCC_WARN_ABOUT_RETURN_TYPE = YES_ERROR;
				GCC_WARN_UNDECLARED_SELECTOR = YES;
				GCC_WARN_UNINITIALIZED_AUTOS = YES_AGGRESSIVE;
				GCC_WARN_UNUSED_FUNCTION = YES;
				GCC_WARN_UNUSED_VARIABLE = YES;
				IPHONEOS_DEPLOYMENT_TARGET = 10.3;
				MTL_ENABLE_DEBUG_INFO = YES;
				ONLY_ACTIVE_ARCH = YES;
				SDKROOT = iphoneos;
				SWIFT_ACTIVE_COMPILATION_CONDITIONS = DEBUG;
				SWIFT_OPTIMIZATION_LEVEL = "-Onone";
			};
			name = Debug;
		};
		70695F871EF6F254009EA733 /* Release */ = {
			isa = XCBuildConfiguration;
			buildSettings = {
				ALWAYS_SEARCH_USER_PATHS = NO;
				CLANG_ANALYZER_NONNULL = YES;
				CLANG_ANALYZER_NUMBER_OBJECT_CONVERSION = YES_AGGRESSIVE;
				CLANG_CXX_LANGUAGE_STANDARD = "gnu++0x";
				CLANG_CXX_LIBRARY = "libc++";
				CLANG_ENABLE_MODULES = YES;
				CLANG_ENABLE_OBJC_ARC = YES;
				CLANG_WARN_BOOL_CONVERSION = YES;
				CLANG_WARN_CONSTANT_CONVERSION = YES;
				CLANG_WARN_DIRECT_OBJC_ISA_USAGE = YES_ERROR;
				CLANG_WARN_DOCUMENTATION_COMMENTS = YES;
				CLANG_WARN_EMPTY_BODY = YES;
				CLANG_WARN_ENUM_CONVERSION = YES;
				CLANG_WARN_INFINITE_RECURSION = YES;
				CLANG_WARN_INT_CONVERSION = YES;
				CLANG_WARN_OBJC_ROOT_CLASS = YES_ERROR;
				CLANG_WARN_SUSPICIOUS_MOVE = YES;
				CLANG_WARN_UNREACHABLE_CODE = YES;
				CLANG_WARN__DUPLICATE_METHOD_MATCH = YES;
				"CODE_SIGN_IDENTITY[sdk=iphoneos*]" = "iPhone Developer";
				COPY_PHASE_STRIP = NO;
				DEBUG_INFORMATION_FORMAT = "dwarf-with-dsym";
				ENABLE_NS_ASSERTIONS = NO;
				ENABLE_STRICT_OBJC_MSGSEND = YES;
				GCC_C_LANGUAGE_STANDARD = gnu99;
				GCC_NO_COMMON_BLOCKS = YES;
				GCC_WARN_64_TO_32_BIT_CONVERSION = YES;
				GCC_WARN_ABOUT_RETURN_TYPE = YES_ERROR;
				GCC_WARN_UNDECLARED_SELECTOR = YES;
				GCC_WARN_UNINITIALIZED_AUTOS = YES_AGGRESSIVE;
				GCC_WARN_UNUSED_FUNCTION = YES;
				GCC_WARN_UNUSED_VARIABLE = YES;
				IPHONEOS_DEPLOYMENT_TARGET = 10.3;
				MTL_ENABLE_DEBUG_INFO = NO;
				SDKROOT = iphoneos;
				SWIFT_OPTIMIZATION_LEVEL = "-Owholemodule";
				VALIDATE_PRODUCT = YES;
			};
			name = Release;
		};
		70695F891EF6F254009EA733 /* Debug */ = {
			isa = XCBuildConfiguration;
			buildSettings = {
				ASSETCATALOG_COMPILER_APPICON_NAME = AppIcon;
				INFOPLIST_FILE = JumpMagikarpIndex/Info.plist;
				LD_RUNPATH_SEARCH_PATHS = "$(inherited) @executable_path/Frameworks";
				PRODUCT_BUNDLE_IDENTIFIER = "Yu-Hsuan-Chen.JumpMagikarpIndex";
				PRODUCT_NAME = "$(TARGET_NAME)";
				SWIFT_VERSION = 3.0;
			};
			name = Debug;
		};
		70695F8A1EF6F254009EA733 /* Release */ = {
			isa = XCBuildConfiguration;
			buildSettings = {
				ASSETCATALOG_COMPILER_APPICON_NAME = AppIcon;
				INFOPLIST_FILE = JumpMagikarpIndex/Info.plist;
				LD_RUNPATH_SEARCH_PATHS = "$(inherited) @executable_path/Frameworks";
				PRODUCT_BUNDLE_IDENTIFIER = "Yu-Hsuan-Chen.JumpMagikarpIndex";
				PRODUCT_NAME = "$(TARGET_NAME)";
				SWIFT_VERSION = 3.0;
			};
			name = Release;
		};
		70695F8C1EF6F254009EA733 /* Debug */ = {
			isa = XCBuildConfiguration;
			buildSettings = {
				ALWAYS_EMBED_SWIFT_STANDARD_LIBRARIES = YES;
				BUNDLE_LOADER = "$(TEST_HOST)";
				INFOPLIST_FILE = JumpMagikarpIndexTests/Info.plist;
				LD_RUNPATH_SEARCH_PATHS = "$(inherited) @executable_path/Frameworks @loader_path/Frameworks";
				PRODUCT_BUNDLE_IDENTIFIER = "Yu-Hsuan-Chen.JumpMagikarpIndexTests";
				PRODUCT_NAME = "$(TARGET_NAME)";
				SWIFT_VERSION = 3.0;
				TEST_HOST = "$(BUILT_PRODUCTS_DIR)/JumpMagikarpIndex.app/JumpMagikarpIndex";
			};
			name = Debug;
		};
		70695F8D1EF6F254009EA733 /* Release */ = {
			isa = XCBuildConfiguration;
			buildSettings = {
				ALWAYS_EMBED_SWIFT_STANDARD_LIBRARIES = YES;
				BUNDLE_LOADER = "$(TEST_HOST)";
				INFOPLIST_FILE = JumpMagikarpIndexTests/Info.plist;
				LD_RUNPATH_SEARCH_PATHS = "$(inherited) @executable_path/Frameworks @loader_path/Frameworks";
				PRODUCT_BUNDLE_IDENTIFIER = "Yu-Hsuan-Chen.JumpMagikarpIndexTests";
				PRODUCT_NAME = "$(TARGET_NAME)";
				SWIFT_VERSION = 3.0;
				TEST_HOST = "$(BUILT_PRODUCTS_DIR)/JumpMagikarpIndex.app/JumpMagikarpIndex";
			};
			name = Release;
		};
		70695F8F1EF6F254009EA733 /* Debug */ = {
			isa = XCBuildConfiguration;
			buildSettings = {
				ALWAYS_EMBED_SWIFT_STANDARD_LIBRARIES = YES;
				INFOPLIST_FILE = JumpMagikarpIndexUITests/Info.plist;
				LD_RUNPATH_SEARCH_PATHS = "$(inherited) @executable_path/Frameworks @loader_path/Frameworks";
				PRODUCT_BUNDLE_IDENTIFIER = "Yu-Hsuan-Chen.JumpMagikarpIndexUITests";
				PRODUCT_NAME = "$(TARGET_NAME)";
				SWIFT_VERSION = 3.0;
				TEST_TARGET_NAME = JumpMagikarpIndex;
			};
			name = Debug;
		};
		70695F901EF6F254009EA733 /* Release */ = {
			isa = XCBuildConfiguration;
			buildSettings = {
				ALWAYS_EMBED_SWIFT_STANDARD_LIBRARIES = YES;
				INFOPLIST_FILE = JumpMagikarpIndexUITests/Info.plist;
				LD_RUNPATH_SEARCH_PATHS = "$(inherited) @executable_path/Frameworks @loader_path/Frameworks";
				PRODUCT_BUNDLE_IDENTIFIER = "Yu-Hsuan-Chen.JumpMagikarpIndexUITests";
				PRODUCT_NAME = "$(TARGET_NAME)";
				SWIFT_VERSION = 3.0;
				TEST_TARGET_NAME = JumpMagikarpIndex;
			};
			name = Release;
		};
/* End XCBuildConfiguration section */

/* Begin XCConfigurationList section */
		70695F5B1EF6F254009EA733 /* Build configuration list for PBXProject "JumpMagikarpIndex" */ = {
			isa = XCConfigurationList;
			buildConfigurations = (
				70695F861EF6F254009EA733 /* Debug */,
				70695F871EF6F254009EA733 /* Release */,
			);
			defaultConfigurationIsVisible = 0;
			defaultConfigurationName = Release;
		};
		70695F881EF6F254009EA733 /* Build configuration list for PBXNativeTarget "JumpMagikarpIndex" */ = {
			isa = XCConfigurationList;
			buildConfigurations = (
				70695F891EF6F254009EA733 /* Debug */,
				70695F8A1EF6F254009EA733 /* Release */,
			);
			defaultConfigurationIsVisible = 0;
			defaultConfigurationName = Release;
		};
		70695F8B1EF6F254009EA733 /* Build configuration list for PBXNativeTarget "JumpMagikarpIndexTests" */ = {
			isa = XCConfigurationList;
			buildConfigurations = (
				70695F8C1EF6F254009EA733 /* Debug */,
				70695F8D1EF6F254009EA733 /* Release */,
			);
			defaultConfigurationIsVisible = 0;
			defaultConfigurationName = Release;
		};
		70695F8E1EF6F254009EA733 /* Build configuration list for PBXNativeTarget "JumpMagikarpIndexUITests" */ = {
			isa = XCConfigurationList;
			buildConfigurations = (
				70695F8F1EF6F254009EA733 /* Debug */,
				70695F901EF6F254009EA733 /* Release */,
			);
			defaultConfigurationIsVisible = 0;
			defaultConfigurationName = Release;
		};
/* End XCConfigurationList section */
	};
	rootObject = 70695F581EF6F254009EA733 /* Project object */;
}
